
Microsoft Visual Studio Solution File, Format Version 12.00
# Visual Studio Version 17
VisualStudioVersion = 17.5.002.0
MinimumVisualStudioVersion = 10.0.40219.1
Project("{FAE04EC0-301F-11D3-BF4B-00C04F79EFBC}") = "DatetimeSender", "src\DatetimeSender.csproj", "{DE335668-00D3-4B76-B724-2BE9C3850626}"
EndProject
Project("{FAE04EC0-301F-11D3-BF4B-00C04F79EFBC}") = "DatetimeSender.Tests", "DatetimeSender.Tests\DatetimeSender.Tests.csproj", "{51042B36-3EB4-435E-93DB-AB0544018928}"
EndProject
Global
	GlobalSection(SolutionConfigurationPlatforms) = preSolution
		Debug|Any CPU = Debug|Any CPU
		Release|Any CPU = Release|Any CPU
	EndGlobalSection
	GlobalSection(ProjectConfigurationPlatforms) = postSolution
		{DE335668-00D3-4B76-B724-2BE9C3850626}.Debug|Any CPU.ActiveCfg = Debug|Any CPU
		{DE335668-00D3-4B76-B724-2BE9C3850626}.Debug|Any CPU.Build.0 = Debug|Any CPU
		{DE335668-00D3-4B76-B724-2BE9C3850626}.Release|Any CPU.ActiveCfg = Release|Any CPU
		{DE335668-00D3-4B76-B724-2BE9C3850626}.Release|Any CPU.Build.0 = Release|Any CPU
		{51042B36-3EB4-435E-93DB-AB0544018928}.Debug|Any CPU.ActiveCfg = Debug|Any CPU
		{51042B36-3EB4-435E-93DB-AB0544018928}.Debug|Any CPU.Build.0 = Debug|Any CPU
		{51042B36-3EB4-435E-93DB-AB0544018928}.Release|Any CPU.ActiveCfg = Release|Any CPU
		{51042B36-3EB4-435E-93DB-AB0544018928}.Release|Any CPU.Build.0 = Release|Any CPU
	EndGlobalSection
	GlobalSection(SolutionProperties) = preSolution
		HideSolutionNode = FALSE
	EndGlobalSection
	GlobalSection(ExtensibilityGlobals) = postSolution
		SolutionGuid = {393B4CF1-4485-4375-BF0B-925C3D99DD20}
	EndGlobalSection
EndGlobal
